{
  "compilerOptions": {
    "rootDir": ".",
    "experimentalDecorators": true,
    "module": "es2015",
    "moduleResolution": "node",
    "noUnusedParameters": true,
    "strictNullChecks": true,
    "skipLibCheck": true,
    "outDir": "./dist/packages/all",
    "target": "es2015",
    "lib": ["es5", "es2015", "dom"],
    "types": ["jasmine"],
    "baseUrl": ".",
    "paths": {
      "@angular/material": ["./src/lib/public_api.ts"],
      "@angular/cdk/*": ["./src/cdk/*"],
      "@angular/material-examples": ["./src/material-examples"],
      "material2-build-tools": ["./tools/package-tools"]
    }
  },
  "include": [
 "/"
  ],
  "exclude": [
    "/"
  ]
}